
Microsoft Visual Studio Solution File, Format Version 12.00
# Visual Studio Version 17
VisualStudioVersion = 17.1.32210.238
MinimumVisualStudioVersion = 10.0.40219.1
Project("{FAE04EC0-301F-11D3-BF4B-00C04F79EFBC}") = "AN Labb1", "AN Labb1\AN Labb1.csproj", "{93AF232D-B0F4-4C97-9BA7-9A1EEF4FCD36}"
EndProject
Global
	GlobalSection(SolutionConfigurationPlatforms) = preSolution
		Debug|Any CPU = Debug|Any CPU
		Release|Any CPU = Release|Any CPU
	EndGlobalSection
	GlobalSection(ProjectConfigurationPlatforms) = postSolution
		{93AF232D-B0F4-4C97-9BA7-9A1EEF4FCD36}.Debug|Any CPU.ActiveCfg = Debug|Any CPU
		{93AF232D-B0F4-4C97-9BA7-9A1EEF4FCD36}.Debug|Any CPU.Build.0 = Debug|Any CPU
		{93AF232D-B0F4-4C97-9BA7-9A1EEF4FCD36}.Release|Any CPU.ActiveCfg = Release|Any CPU
		{93AF232D-B0F4-4C97-9BA7-9A1EEF4FCD36}.Release|Any CPU.Build.0 = Release|Any CPU
	EndGlobalSection
	GlobalSection(SolutionProperties) = preSolution
		HideSolutionNode = FALSE
	EndGlobalSection
	GlobalSection(ExtensibilityGlobals) = postSolution
		SolutionGuid = {C4EA1DEB-2DC7-4EB6-A2DA-D3F85294038F}
	EndGlobalSection
EndGlobal
